// !$*UTF8*$!
{
	archiveVersion = 1;
	classes = {
	};
	objectVersion = 55;
	objects = {

/* Begin PBXBuildFile section */
		E1073D6A283A69F100CD6A78 /* PhotosTableViewController.swift in Sources */ = {isa = PBXBuildFile; fileRef = E1073D69283A69F100CD6A78 /* PhotosTableViewController.swift */; };
		E1073D6C283A6A0600CD6A78 /* PhotosTableViewModel.swift in Sources */ = {isa = PBXBuildFile; fileRef = E1073D6B283A6A0500CD6A78 /* PhotosTableViewModel.swift */; };
		E1073D6E283A6A1400CD6A78 /* PhotosTableViewCell.swift in Sources */ = {isa = PBXBuildFile; fileRef = E1073D6D283A6A1400CD6A78 /* PhotosTableViewCell.swift */; };
		E1073D70283A6A2200CD6A78 /* Home + Inject.swift in Sources */ = {isa = PBXBuildFile; fileRef = E1073D6F283A6A2200CD6A78 /* Home + Inject.swift */; };
		E1BA24392834F55C005A68C7 /* AppDelegate.swift in Sources */ = {isa = PBXBuildFile; fileRef = E1BA24382834F55C005A68C7 /* AppDelegate.swift */; };
		E1BA243B2834F55C005A68C7 /* SceneDelegate.swift in Sources */ = {isa = PBXBuildFile; fileRef = E1BA243A2834F55C005A68C7 /* SceneDelegate.swift */; };
		E1BA24422834F55D005A68C7 /* Assets.xcassets in Resources */ = {isa = PBXBuildFile; fileRef = E1BA24412834F55D005A68C7 /* Assets.xcassets */; };
		E1BA24452834F55D005A68C7 /* LaunchScreen.storyboard in Resources */ = {isa = PBXBuildFile; fileRef = E1BA24432834F55D005A68C7 /* LaunchScreen.storyboard */; };
/* End PBXBuildFile section */

/* Begin PBXFileReference section */
		E1073D69283A69F100CD6A78 /* PhotosTableViewController.swift */ = {isa = PBXFileReference; lastKnownFileType = sourcecode.swift; path = PhotosTableViewController.swift; sourceTree = "<group>"; };
		E1073D6B283A6A0500CD6A78 /* PhotosTableViewModel.swift */ = {isa = PBXFileReference; lastKnownFileType = sourcecode.swift; path = PhotosTableViewModel.swift; sourceTree = "<group>"; };
		E1073D6D283A6A1400CD6A78 /* PhotosTableViewCell.swift */ = {isa = PBXFileReference; lastKnownFileType = sourcecode.swift; path = PhotosTableViewCell.swift; sourceTree = "<group>"; };
		E1073D6F283A6A2200CD6A78 /* Home + Inject.swift */ = {isa = PBXFileReference; lastKnownFileType = sourcecode.swift; path = "Home + Inject.swift"; sourceTree = "<group>"; };
		E1BA24352834F55C005A68C7 /* Koinz Assignment.app */ = {isa = PBXFileReference; explicitFileType = wrapper.application; includeInIndex = 0; path = "Koinz Assignment.app"; sourceTree = BUILT_PRODUCTS_DIR; };
		E1BA24382834F55C005A68C7 /* AppDelegate.swift */ = {isa = PBXFileReference; lastKnownFileType = sourcecode.swift; path = AppDelegate.swift; sourceTree = "<group>"; };
		E1BA243A2834F55C005A68C7 /* SceneDelegate.swift */ = {isa = PBXFileReference; lastKnownFileType = sourcecode.swift; path = SceneDelegate.swift; sourceTree = "<group>"; };
		E1BA24412834F55D005A68C7 /* Assets.xcassets */ = {isa = PBXFileReference; lastKnownFileType = folder.assetcatalog; path = Assets.xcassets; sourceTree = "<group>"; };
		E1BA24442834F55D005A68C7 /* Base */ = {isa = PBXFileReference; lastKnownFileType = file.storyboard; name = Base; path = Base.lproj/LaunchScreen.storyboard; sourceTree = "<group>"; };
		E1BA24462834F55D005A68C7 /* Info.plist */ = {isa = PBXFileReference; lastKnownFileType = text.plist.xml; path = Info.plist; sourceTree = "<group>"; };
/* End PBXFileReference section */

/* Begin PBXFrameworksBuildPhase section */
		E1BA24322834F55C005A68C7 /* Frameworks */ = {
			isa = PBXFrameworksBuildPhase;
			buildActionMask = 2147483647;
			files = (
			);
			runOnlyForDeploymentPostprocessing = 0;
		};
/* End PBXFrameworksBuildPhase section */

/* Begin PBXGroup section */
		E1073D5F283A690000CD6A78 /* Utility */ = {
			isa = PBXGroup;
			children = (
			);
			path = Utility;
			sourceTree = "<group>";
		};
		E1073D60283A691100CD6A78 /* Application */ = {
			isa = PBXGroup;
			children = (
				E1BA24382834F55C005A68C7 /* AppDelegate.swift */,
				E1BA243A2834F55C005A68C7 /* SceneDelegate.swift */,
				E1BA24462834F55D005A68C7 /* Info.plist */,
				E1073D61283A691C00CD6A78 /* Common */,
				E1073D62283A692000CD6A78 /* Resolver */,
			);
			path = Application;
			sourceTree = "<group>";
		};
		E1073D61283A691C00CD6A78 /* Common */ = {
			isa = PBXGroup;
			children = (
			);
			path = Common;
			sourceTree = "<group>";
		};
		E1073D62283A692000CD6A78 /* Resolver */ = {
			isa = PBXGroup;
			children = (
			);
			path = Resolver;
			sourceTree = "<group>";
		};
		E1073D63283A693B00CD6A78 /* Modules */ = {
			isa = PBXGroup;
			children = (
				E1073D64283A694D00CD6A78 /* PhotosTableView */,
				E1073D65283A695D00CD6A78 /* PhotosDetails */,
			);
			path = Modules;
			sourceTree = "<group>";
		};
		E1073D64283A694D00CD6A78 /* PhotosTableView */ = {
			isa = PBXGroup;
			children = (
				E1073D68283A69D100CD6A78 /* Network */,
				E1073D69283A69F100CD6A78 /* PhotosTableViewController.swift */,
				E1073D6B283A6A0500CD6A78 /* PhotosTableViewModel.swift */,
				E1073D6D283A6A1400CD6A78 /* PhotosTableViewCell.swift */,
				E1073D6F283A6A2200CD6A78 /* Home + Inject.swift */,
			);
			path = PhotosTableView;
			sourceTree = "<group>";
		};
		E1073D65283A695D00CD6A78 /* PhotosDetails */ = {
			isa = PBXGroup;
			children = (
			);
			path = PhotosDetails;
			sourceTree = "<group>";
		};
		E1073D66283A697600CD6A78 /* Assets */ = {
			isa = PBXGroup;
			children = (
				E1073D67283A697D00CD6A78 /* Extensions */,
				E1BA24412834F55D005A68C7 /* Assets.xcassets */,
				E1BA24432834F55D005A68C7 /* LaunchScreen.storyboard */,
			);
			path = Assets;
			sourceTree = "<group>";
		};
		E1073D67283A697D00CD6A78 /* Extensions */ = {
			isa = PBXGroup;
			children = (
			);
			path = Extensions;
			sourceTree = "<group>";
		};
		E1073D68283A69D100CD6A78 /* Network */ = {
			isa = PBXGroup;
			children = (
			);
			path = Network;
			sourceTree = "<group>";
		};
		E1BA242C2834F55C005A68C7 = {
			isa = PBXGroup;
			children = (
				E1BA24372834F55C005A68C7 /* Koinz Assignment */,
				E1BA24362834F55C005A68C7 /* Products */,
			);
			sourceTree = "<group>";
		};
		E1BA24362834F55C005A68C7 /* Products */ = {
			isa = PBXGroup;
			children = (
				E1BA24352834F55C005A68C7 /* Koinz Assignment.app */,
			);
			name = Products;
			sourceTree = "<group>";
		};
		E1BA24372834F55C005A68C7 /* Koinz Assignment */ = {
			isa = PBXGroup;
			children = (
				E1073D5F283A690000CD6A78 /* Utility */,
				E1073D60283A691100CD6A78 /* Application */,
				E1073D63283A693B00CD6A78 /* Modules */,
				E1073D66283A697600CD6A78 /* Assets */,
			);
			path = "Koinz Assignment";
			sourceTree = "<group>";
		};
/* End PBXGroup section */

/* Begin PBXNativeTarget section */
		E1BA24342834F55C005A68C7 /* Koinz Assignment */ = {
			isa = PBXNativeTarget;
			buildConfigurationList = E1BA24492834F55D005A68C7 /* Build configuration list for PBXNativeTarget "Koinz Assignment" */;
			buildPhases = (
				E1BA24312834F55C005A68C7 /* Sources */,
				E1BA24322834F55C005A68C7 /* Frameworks */,
				E1BA24332834F55C005A68C7 /* Resources */,
			);
			buildRules = (
			);
			dependencies = (
			);
			name = "Koinz Assignment";
			productName = "Koinz Assignment";
			productReference = E1BA24352834F55C005A68C7 /* Koinz Assignment.app */;
			productType = "com.apple.product-type.application";
		};
/* End PBXNativeTarget section */

/* Begin PBXProject section */
		E1BA242D2834F55C005A68C7 /* Project object */ = {
			isa = PBXProject;
			attributes = {
				BuildIndependentTargetsInParallel = 1;
				LastSwiftUpdateCheck = 1310;
				LastUpgradeCheck = 1310;
				TargetAttributes = {
					E1BA24342834F55C005A68C7 = {
						CreatedOnToolsVersion = 13.1;
					};
				};
			};
			buildConfigurationList = E1BA24302834F55C005A68C7 /* Build configuration list for PBXProject "Koinz Assignment" */;
			compatibilityVersion = "Xcode 13.0";
			developmentRegion = en;
			hasScannedForEncodings = 0;
			knownRegions = (
				en,
				Base,
			);
			mainGroup = E1BA242C2834F55C005A68C7;
			productRefGroup = E1BA24362834F55C005A68C7 /* Products */;
			projectDirPath = "";
			projectRoot = "";
			targets = (
				E1BA24342834F55C005A68C7 /* Koinz Assignment */,
			);
		};
/* End PBXProject section */

/* Begin PBXResourcesBuildPhase section */
		E1BA24332834F55C005A68C7 /* Resources */ = {
			isa = PBXResourcesBuildPhase;
			buildActionMask = 2147483647;
			files = (
				E1BA24452834F55D005A68C7 /* LaunchScreen.storyboard in Resources */,
				E1BA24422834F55D005A68C7 /* Assets.xcassets in Resources */,
			);
			runOnlyForDeploymentPostprocessing = 0;
		};
/* End PBXResourcesBuildPhase section */

/* Begin PBXSourcesBuildPhase section */
		E1BA24312834F55C005A68C7 /* Sources */ = {
			isa = PBXSourcesBuildPhase;
			buildActionMask = 2147483647;
			files = (
				E1073D6E283A6A1400CD6A78 /* PhotosTableViewCell.swift in Sources */,
				E1BA24392834F55C005A68C7 /* AppDelegate.swift in Sources */,
				E1BA243B2834F55C005A68C7 /* SceneDelegate.swift in Sources */,
				E1073D70283A6A2200CD6A78 /* Home + Inject.swift in Sources */,
				E1073D6C283A6A0600CD6A78 /* PhotosTableViewModel.swift in Sources */,
				E1073D6A283A69F100CD6A78 /* PhotosTableViewController.swift in Sources */,
			);
			runOnlyForDeploymentPostprocessing = 0;
		};
/* End PBXSourcesBuildPhase section */

/* Begin PBXVariantGroup section */
		E1BA24432834F55D005A68C7 /* LaunchScreen.storyboard */ = {
			isa = PBXVariantGroup;
			children = (
				E1BA24442834F55D005A68C7 /* Base */,
			);
			name = LaunchScreen.storyboard;
			sourceTree = "<group>";
		};
/* End PBXVariantGroup section */

/* Begin XCBuildConfiguration section */
		E1BA24472834F55D005A68C7 /* Debug */ = {
			isa = XCBuildConfiguration;
			buildSettings = {
				ALWAYS_SEARCH_USER_PATHS = NO;
				CLANG_ANALYZER_NONNULL = YES;
				CLANG_ANALYZER_NUMBER_OBJECT_CONVERSION = YES_AGGRESSIVE;
				CLANG_CXX_LANGUAGE_STANDARD = "gnu++17";
				CLANG_CXX_LIBRARY = "libc++";
				CLANG_ENABLE_MODULES = YES;
				CLANG_ENABLE_OBJC_ARC = YES;
				CLANG_ENABLE_OBJC_WEAK = YES;
				CLANG_WARN_BLOCK_CAPTURE_AUTORELEASING = YES;
				CLANG_WARN_BOOL_CONVERSION = YES;
				CLANG_WARN_COMMA = YES;
				CLANG_WARN_CONSTANT_CONVERSION = YES;
				CLANG_WARN_DEPRECATED_OBJC_IMPLEMENTATIONS = YES;
				CLANG_WARN_DIRECT_OBJC_ISA_USAGE = YES_ERROR;
				CLANG_WARN_DOCUMENTATION_COMMENTS = YES;
				CLANG_WARN_EMPTY_BODY = YES;
				CLANG_WARN_ENUM_CONVERSION = YES;
				CLANG_WARN_INFINITE_RECURSION = YES;
				CLANG_WARN_INT_CONVERSION = YES;
				CLANG_WARN_NON_LITERAL_NULL_CONVERSION = YES;
				CLANG_WARN_OBJC_IMPLICIT_RETAIN_SELF = YES;
				CLANG_WARN_OBJC_LITERAL_CONVERSION = YES;
				CLANG_WARN_OBJC_ROOT_CLASS = YES_ERROR;
				CLANG_WARN_QUOTED_INCLUDE_IN_FRAMEWORK_HEADER = YES;
				CLANG_WARN_RANGE_LOOP_ANALYSIS = YES;
				CLANG_WARN_STRICT_PROTOTYPES = YES;
				CLANG_WARN_SUSPICIOUS_MOVE = YES;
				CLANG_WARN_UNGUARDED_AVAILABILITY = YES_AGGRESSIVE;
				CLANG_WARN_UNREACHABLE_CODE = YES;
				CLANG_WARN__DUPLICATE_METHOD_MATCH = YES;
				COPY_PHASE_STRIP = NO;
				DEBUG_INFORMATION_FORMAT = dwarf;
				ENABLE_STRICT_OBJC_MSGSEND = YES;
				ENABLE_TESTABILITY = YES;
				GCC_C_LANGUAGE_STANDARD = gnu11;
				GCC_DYNAMIC_NO_PIC = NO;
				GCC_NO_COMMON_BLOCKS = YES;
				GCC_OPTIMIZATION_LEVEL = 0;
				GCC_PREPROCESSOR_DEFINITIONS = (
					"DEBUG=1",
					"$(inherited)",
				);
				GCC_WARN_64_TO_32_BIT_CONVERSION = YES;
				GCC_WARN_ABOUT_RETURN_TYPE = YES_ERROR;
				GCC_WARN_UNDECLARED_SELECTOR = YES;
				GCC_WARN_UNINITIALIZED_AUTOS = YES_AGGRESSIVE;
				GCC_WARN_UNUSED_FUNCTION = YES;
				GCC_WARN_UNUSED_VARIABLE = YES;
				IPHONEOS_DEPLOYMENT_TARGET = 15.0;
				MTL_ENABLE_DEBUG_INFO = INCLUDE_SOURCE;
				MTL_FAST_MATH = YES;
				ONLY_ACTIVE_ARCH = YES;
				SDKROOT = iphoneos;
				SWIFT_ACTIVE_COMPILATION_CONDITIONS = DEBUG;
				SWIFT_OPTIMIZATION_LEVEL = "-Onone";
			};
			name = Debug;
		};
		E1BA24482834F55D005A68C7 /* Release */ = {
			isa = XCBuildConfiguration;
			buildSettings = {
				ALWAYS_SEARCH_USER_PATHS = NO;
				CLANG_ANALYZER_NONNULL = YES;
				CLANG_ANALYZER_NUMBER_OBJECT_CONVERSION = YES_AGGRESSIVE;
				CLANG_CXX_LANGUAGE_STANDARD = "gnu++17";
				CLANG_CXX_LIBRARY = "libc++";
				CLANG_ENABLE_MODULES = YES;
				CLANG_ENABLE_OBJC_ARC = YES;
				CLANG_ENABLE_OBJC_WEAK = YES;
				CLANG_WARN_BLOCK_CAPTURE_AUTORELEASING = YES;
				CLANG_WARN_BOOL_CONVERSION = YES;
				CLANG_WARN_COMMA = YES;
				CLANG_WARN_CONSTANT_CONVERSION = YES;
				CLANG_WARN_DEPRECATED_OBJC_IMPLEMENTATIONS = YES;
				CLANG_WARN_DIRECT_OBJC_ISA_USAGE = YES_ERROR;
				CLANG_WARN_DOCUMENTATION_COMMENTS = YES;
				CLANG_WARN_EMPTY_BODY = YES;
				CLANG_WARN_ENUM_CONVERSION = YES;
				CLANG_WARN_INFINITE_RECURSION = YES;
				CLANG_WARN_INT_CONVERSION = YES;
				CLANG_WARN_NON_LITERAL_NULL_CONVERSION = YES;
				CLANG_WARN_OBJC_IMPLICIT_RETAIN_SELF = YES;
				CLANG_WARN_OBJC_LITERAL_CONVERSION = YES;
				CLANG_WARN_OBJC_ROOT_CLASS = YES_ERROR;
				CLANG_WARN_QUOTED_INCLUDE_IN_FRAMEWORK_HEADER = YES;
				CLANG_WARN_RANGE_LOOP_ANALYSIS = YES;
				CLANG_WARN_STRICT_PROTOTYPES = YES;
				CLANG_WARN_SUSPICIOUS_MOVE = YES;
				CLANG_WARN_UNGUARDED_AVAILABILITY = YES_AGGRESSIVE;
				CLANG_WARN_UNREACHABLE_CODE = YES;
				CLANG_WARN__DUPLICATE_METHOD_MATCH = YES;
				COPY_PHASE_STRIP = NO;
				DEBUG_INFORMATION_FORMAT = "dwarf-with-dsym";
				ENABLE_NS_ASSERTIONS = NO;
				ENABLE_STRICT_OBJC_MSGSEND = YES;
				GCC_C_LANGUAGE_STANDARD = gnu11;
				GCC_NO_COMMON_BLOCKS = YES;
				GCC_WARN_64_TO_32_BIT_CONVERSION = YES;
				GCC_WARN_ABOUT_RETURN_TYPE = YES_ERROR;
				GCC_WARN_UNDECLARED_SELECTOR = YES;
				GCC_WARN_UNINITIALIZED_AUTOS = YES_AGGRESSIVE;
				GCC_WARN_UNUSED_FUNCTION = YES;
				GCC_WARN_UNUSED_VARIABLE = YES;
				IPHONEOS_DEPLOYMENT_TARGET = 15.0;
				MTL_ENABLE_DEBUG_INFO = NO;
				MTL_FAST_MATH = YES;
				SDKROOT = iphoneos;
				SWIFT_COMPILATION_MODE = wholemodule;
				SWIFT_OPTIMIZATION_LEVEL = "-O";
				VALIDATE_PRODUCT = YES;
			};
			name = Release;
		};
		E1BA244A2834F55D005A68C7 /* Debug */ = {
			isa = XCBuildConfiguration;
			buildSettings = {
				ASSETCATALOG_COMPILER_APPICON_NAME = AppIcon;
				ASSETCATALOG_COMPILER_GLOBAL_ACCENT_COLOR_NAME = AccentColor;
				CODE_SIGN_STYLE = Automatic;
				CURRENT_PROJECT_VERSION = 1;
				DEVELOPMENT_TEAM = 57RA7SGH3Y;
				GENERATE_INFOPLIST_FILE = YES;
				INFOPLIST_FILE = "Koinz Assignment/Application/Info.plist";
				INFOPLIST_KEY_UIApplicationSupportsIndirectInputEvents = YES;
				INFOPLIST_KEY_UILaunchStoryboardName = LaunchScreen;
				INFOPLIST_KEY_UISupportedInterfaceOrientations_iPad = "UIInterfaceOrientationPortrait UIInterfaceOrientationPortraitUpsideDown UIInterfaceOrientationLandscapeLeft UIInterfaceOrientationLandscapeRight";
				INFOPLIST_KEY_UISupportedInterfaceOrientations_iPhone = "UIInterfaceOrientationPortrait UIInterfaceOrientationLandscapeLeft UIInterfaceOrientationLandscapeRight";
				LD_RUNPATH_SEARCH_PATHS = (
					"$(inherited)",
					"@executable_path/Frameworks",
				);
				MARKETING_VERSION = 1.0;
				PRODUCT_BUNDLE_IDENTIFIER = "com.101tech.Koinz-Assignment";
				PRODUCT_NAME = "$(TARGET_NAME)";
				SWIFT_EMIT_LOC_STRINGS = YES;
				SWIFT_VERSION = 5.0;
				TARGETED_DEVICE_FAMILY = 1;
			};
			name = Debug;
		};
		E1BA244B2834F55D005A68C7 /* Release */ = {
			isa = XCBuildConfiguration;
			buildSettings = {
				ASSETCATALOG_COMPILER_APPICON_NAME = AppIcon;
				ASSETCATALOG_COMPILER_GLOBAL_ACCENT_COLOR_NAME = AccentColor;
				CODE_SIGN_STYLE = Automatic;
				CURRENT_PROJECT_VERSION = 1;
				DEVELOPMENT_TEAM = 57RA7SGH3Y;
				GENERATE_INFOPLIST_FILE = YES;
				INFOPLIST_FILE = "Koinz Assignment/Application/Info.plist";
				INFOPLIST_KEY_UIApplicationSupportsIndirectInputEvents = YES;
				INFOPLIST_KEY_UILaunchStoryboardName = LaunchScreen;
				INFOPLIST_KEY_UISupportedInterfaceOrientations_iPad = "UIInterfaceOrientationPortrait UIInterfaceOrientationPortraitUpsideDown UIInterfaceOrientationLandscapeLeft UIInterfaceOrientationLandscapeRight";
				INFOPLIST_KEY_UISupportedInterfaceOrientations_iPhone = "UIInterfaceOrientationPortrait UIInterfaceOrientationLandscapeLeft UIInterfaceOrientationLandscapeRight";
				LD_RUNPATH_SEARCH_PATHS = (
					"$(inherited)",
					"@executable_path/Frameworks",
				);
				MARKETING_VERSION = 1.0;
				PRODUCT_BUNDLE_IDENTIFIER = "com.101tech.Koinz-Assignment";
				PRODUCT_NAME = "$(TARGET_NAME)";
				SWIFT_EMIT_LOC_STRINGS = YES;
				SWIFT_VERSION = 5.0;
				TARGETED_DEVICE_FAMILY = 1;
			};
			name = Release;
		};
/* End XCBuildConfiguration section */

/* Begin XCConfigurationList section */
		E1BA24302834F55C005A68C7 /* Build configuration list for PBXProject "Koinz Assignment" */ = {
			isa = XCConfigurationList;
			buildConfigurations = (
				E1BA24472834F55D005A68C7 /* Debug */,
				E1BA24482834F55D005A68C7 /* Release */,
			);
			defaultConfigurationIsVisible = 0;
			defaultConfigurationName = Release;
		};
		E1BA24492834F55D005A68C7 /* Build configuration list for PBXNativeTarget "Koinz Assignment" */ = {
			isa = XCConfigurationList;
			buildConfigurations = (
				E1BA244A2834F55D005A68C7 /* Debug */,
				E1BA244B2834F55D005A68C7 /* Release */,
			);
			defaultConfigurationIsVisible = 0;
			defaultConfigurationName = Release;
		};
/* End XCConfigurationList section */
	};
	rootObject = E1BA242D2834F55C005A68C7 /* Project object */;
}
